
Microsoft Visual Studio Solution File, Format Version 12.00
# Visual Studio Version 17
VisualStudioVersion = 17.7.34202.233
MinimumVisualStudioVersion = 10.0.40219.1
Project("{FAE04EC0-301F-11D3-BF4B-00C04F79EFBC}") = "Sprint 2", "Sprint 2.csproj", "{F811DFBB-2A62-4B1A-8F46-509F624A4F6F}"
EndProject
Global
	GlobalSection(SolutionConfigurationPlatforms) = preSolution
		Debug|Any CPU = Debug|Any CPU
		Release|Any CPU = Release|Any CPU
	EndGlobalSection
	GlobalSection(ProjectConfigurationPlatforms) = postSolution
		{F811DFBB-2A62-4B1A-8F46-509F624A4F6F}.Debug|Any CPU.ActiveCfg = Debug|Any CPU
		{F811DFBB-2A62-4B1A-8F46-509F624A4F6F}.Debug|Any CPU.Build.0 = Debug|Any CPU
		{F811DFBB-2A62-4B1A-8F46-509F624A4F6F}.Release|Any CPU.ActiveCfg = Release|Any CPU
		{F811DFBB-2A62-4B1A-8F46-509F624A4F6F}.Release|Any CPU.Build.0 = Release|Any CPU
	EndGlobalSection
	GlobalSection(SolutionProperties) = preSolution
		HideSolutionNode = FALSE
	EndGlobalSection
	GlobalSection(ExtensibilityGlobals) = postSolution
		SolutionGuid = {446BC93E-73D6-4821-84C0-68A3253AF604}
	EndGlobalSection
EndGlobal
